
Microsoft Visual Studio Solution File, Format Version 12.00
# Visual Studio Version 16
VisualStudioVersion = 16.0.29123.88
MinimumVisualStudioVersion = 10.0.40219.1
Project("{FAE04EC0-301F-11D3-BF4B-00C04F79EFBC}") = "testmotus", "testmotus\testmotus.csproj", "{D9389E2D-C83F-4691-9B77-EED440B53356}"
EndProject
Global
	GlobalSection(SolutionConfigurationPlatforms) = preSolution
		Debug|Any CPU = Debug|Any CPU
		Release|Any CPU = Release|Any CPU
	EndGlobalSection
	GlobalSection(ProjectConfigurationPlatforms) = postSolution
		{D9389E2D-C83F-4691-9B77-EED440B53356}.Debug|Any CPU.ActiveCfg = Debug|Any CPU
		{D9389E2D-C83F-4691-9B77-EED440B53356}.Debug|Any CPU.Build.0 = Debug|Any CPU
		{D9389E2D-C83F-4691-9B77-EED440B53356}.Release|Any CPU.ActiveCfg = Release|Any CPU
		{D9389E2D-C83F-4691-9B77-EED440B53356}.Release|Any CPU.Build.0 = Release|Any CPU
	EndGlobalSection
	GlobalSection(SolutionProperties) = preSolution
		HideSolutionNode = FALSE
	EndGlobalSection
	GlobalSection(ExtensibilityGlobals) = postSolution
		SolutionGuid = {E8765339-3586-4720-8A22-A65C280BB8B9}
	EndGlobalSection
EndGlobal
